# This file was autogenerated by Stack.
# You should not edit this file by hand.
# For more information, please see the documentation at:
#   https://docs.haskellstack.org/en/stable/lock_files

packages:
- completed:
    hackage: persistent-spatial-0.1.0.0@sha256:e83f66122044bf123f2a096154b33395ae8b1c724d6387766a1669b3c6140da3,2213
    pantry-tree:
      size: 434
      sha256: 65fe4dab1c6403566d6e79db3def6b9fe6c6232c7c90e80492d4c6d584824ac3
  original:
    hackage: persistent-spatial-0.1.0.0@sha256:e83f66122044bf123f2a096154b33395ae8b1c724d6387766a1669b3c6140da3,2213
snapshots:
- completed:
    size: 567677
    url: https://raw.githubusercontent.com/commercialhaskell/stackage-snapshots/master/lts/17/14.yaml
    sha256: 3740f22286bf5e6e3d82f88125e1c708b6e27847211f956b530aa5d83cf39383
  original: lts-17.14
